# THIS IS AN AUTOGENERATED FILE. DO NOT EDIT THIS FILE DIRECTLY.
version 1

---

rust-analyzer
  registry
    id mason-org/mason-registry
    integrity 2025-11-17-blue-sea~61b4c705859f4158d38090c1e38e8fdc4f3d29db007f012766276aa498835cf6
    proto github
  version 2025-11-17

vim-repeat
  registry
    id my-reg
    proto lua
  version 3d188ed2113431cf8dac77be61b842acb64433d9

vim-surround
  registry
    id ~/mason-registry
    proto file
  version 3d188ed2113431cf8dac77be61b842acb64433d9

# vi:sw=2
