# THIS IS AN AUTOGENERATED FILE. DO NOT EDIT THIS FILE DIRECTLY.
version 1

---

actionlint
  registry
    integrity 2026-02-26-grey-sloth~c590b750ad05b73fe66ff0147b6e098b41203a3aab25266c377c6047c942e278
    name mason-registry
    namespace mason-org
    proto github
  version v1.7.11

emmylua_ls
  registry
    integrity 2026-04-02-hasty-zipper~f95e94004b9e91e2fd2dd12f8c705dbcf9705be3b020c584061ab4464053cc89
    name mason-registry
    namespace mason-org
    proto github
  version 0.21.0

gh
  registry
    integrity 2026-02-26-grey-sloth~c590b750ad05b73fe66ff0147b6e098b41203a3aab25266c377c6047c942e278
    name mason-registry
    namespace mason-org
    proto github
  version v2.87.3

git-recent
  registry
    integrity 2026-01-07-wiry-pony~927e0ad9cedf7fc6a4a6890b1f7c80601030172c7a3ee067d1c750b0f96bf0d4
    name my-registry
    namespace williamboman
    proto github
  version 2.0.4

jq
  registry
    integrity 2026-01-11-mutual-venus~92810d4602c4ffdf589c55bb33a7b64576230e7b072fc5c6744bd5e27934dc4c
    name mason-registry
    namespace mason-org
    proto github
  version jq-1.7

ripgrep
  registry
    integrity 2026-01-07-wiry-pony~927e0ad9cedf7fc6a4a6890b1f7c80601030172c7a3ee067d1c750b0f96bf0d4
    name my-registry
    namespace williamboman
    proto github
  version 14.1.1

rust-analyzer
  registry
    integrity 2026-01-11-mutual-venus~92810d4602c4ffdf589c55bb33a7b64576230e7b072fc5c6744bd5e27934dc4c
    name mason-registry
    namespace mason-org
    proto github
  version 2026-01-05

stylua
  registry
    integrity 2026-01-11-mutual-venus~92810d4602c4ffdf589c55bb33a7b64576230e7b072fc5c6744bd5e27934dc4c
    name mason-registry
    namespace mason-org
    proto github
  version v2.3.1

yq
  registry
    integrity 2026-02-26-grey-sloth~c590b750ad05b73fe66ff0147b6e098b41203a3aab25266c377c6047c942e278
    name mason-registry
    namespace mason-org
    proto github
  version v4.52.4
